// !$*UTF8*$!
{
	archiveVersion = 1;
	classes = {
	};
	objectVersion = 51;
	objects = {

/* Begin PBXBuildFile section */
		B7328431B5B7BB09F35D0688 /* Pods_ToDoList.framework in Frameworks */ = {isa = PBXBuildFile; fileRef = 234ADF3100607A03DCF57547 /* Pods_ToDoList.framework */; };
		F20671C525DBFE7400AD8388 /* AppDelegate.swift in Sources */ = {isa = PBXBuildFile; fileRef = F20671C425DBFE7400AD8388 /* AppDelegate.swift */; };
		F20671C725DBFE7400AD8388 /* SceneDelegate.swift in Sources */ = {isa = PBXBuildFile; fileRef = F20671C625DBFE7400AD8388 /* SceneDelegate.swift */; };
		F20671CC25DBFE7400AD8388 /* Main.storyboard in Resources */ = {isa = PBXBuildFile; fileRef = F20671CA25DBFE7400AD8388 /* Main.storyboard */; };
		F20671CE25DBFE7600AD8388 /* Assets.xcassets in Resources */ = {isa = PBXBuildFile; fileRef = F20671CD25DBFE7600AD8388 /* Assets.xcassets */; };
		F20671D125DBFE7600AD8388 /* LaunchScreen.storyboard in Resources */ = {isa = PBXBuildFile; fileRef = F20671CF25DBFE7600AD8388 /* LaunchScreen.storyboard */; };
		F20671DC25DBFE9B00AD8388 /* ToDoListViewController.swift in Sources */ = {isa = PBXBuildFile; fileRef = F20671DB25DBFE9B00AD8388 /* ToDoListViewController.swift */; };
		F20671F025DD37EF00AD8388 /* CategoryViewController.swift in Sources */ = {isa = PBXBuildFile; fileRef = F20671EF25DD37EF00AD8388 /* CategoryViewController.swift */; };
		F2DD07D725DD527700CDC695 /* Item.swift in Sources */ = {isa = PBXBuildFile; fileRef = F2DD07D625DD527700CDC695 /* Item.swift */; };
		F2DD07DA25DD527E00CDC695 /* Category.swift in Sources */ = {isa = PBXBuildFile; fileRef = F2DD07D925DD527E00CDC695 /* Category.swift */; };
/* End PBXBuildFile section */

/* Begin PBXFileReference section */
		0488E01CE9399FB65D062786 /* Pods-ToDoList.debug.xcconfig */ = {isa = PBXFileReference; includeInIndex = 1; lastKnownFileType = text.xcconfig; name = "Pods-ToDoList.debug.xcconfig"; path = "Target Support Files/Pods-ToDoList/Pods-ToDoList.debug.xcconfig"; sourceTree = "<group>"; };
		234ADF3100607A03DCF57547 /* Pods_ToDoList.framework */ = {isa = PBXFileReference; explicitFileType = wrapper.framework; includeInIndex = 0; path = Pods_ToDoList.framework; sourceTree = BUILT_PRODUCTS_DIR; };
		B47C27BD21C6BD4DA25CB263 /* Pods-ToDoList.release.xcconfig */ = {isa = PBXFileReference; includeInIndex = 1; lastKnownFileType = text.xcconfig; name = "Pods-ToDoList.release.xcconfig"; path = "Target Support Files/Pods-ToDoList/Pods-ToDoList.release.xcconfig"; sourceTree = "<group>"; };
		F20671C125DBFE7400AD8388 /* ToDoList.app */ = {isa = PBXFileReference; explicitFileType = wrapper.application; includeInIndex = 0; path = ToDoList.app; sourceTree = BUILT_PRODUCTS_DIR; };
		F20671C425DBFE7400AD8388 /* AppDelegate.swift */ = {isa = PBXFileReference; lastKnownFileType = sourcecode.swift; path = AppDelegate.swift; sourceTree = "<group>"; };
		F20671C625DBFE7400AD8388 /* SceneDelegate.swift */ = {isa = PBXFileReference; lastKnownFileType = sourcecode.swift; path = SceneDelegate.swift; sourceTree = "<group>"; };
		F20671CB25DBFE7400AD8388 /* Base */ = {isa = PBXFileReference; lastKnownFileType = file.storyboard; name = Base; path = Base.lproj/Main.storyboard; sourceTree = "<group>"; };
		F20671CD25DBFE7600AD8388 /* Assets.xcassets */ = {isa = PBXFileReference; lastKnownFileType = folder.assetcatalog; path = Assets.xcassets; sourceTree = "<group>"; };
		F20671D025DBFE7600AD8388 /* Base */ = {isa = PBXFileReference; lastKnownFileType = file.storyboard; name = Base; path = Base.lproj/LaunchScreen.storyboard; sourceTree = "<group>"; };
		F20671D225DBFE7600AD8388 /* Info.plist */ = {isa = PBXFileReference; lastKnownFileType = text.plist.xml; path = Info.plist; sourceTree = "<group>"; };
		F20671DB25DBFE9B00AD8388 /* ToDoListViewController.swift */ = {isa = PBXFileReference; lastKnownFileType = sourcecode.swift; path = ToDoListViewController.swift; sourceTree = "<group>"; };
		F20671EF25DD37EF00AD8388 /* CategoryViewController.swift */ = {isa = PBXFileReference; lastKnownFileType = sourcecode.swift; path = CategoryViewController.swift; sourceTree = "<group>"; };
		F2DD07D625DD527700CDC695 /* Item.swift */ = {isa = PBXFileReference; lastKnownFileType = sourcecode.swift; path = Item.swift; sourceTree = "<group>"; };
		F2DD07D925DD527E00CDC695 /* Category.swift */ = {isa = PBXFileReference; lastKnownFileType = sourcecode.swift; path = Category.swift; sourceTree = "<group>"; };
/* End PBXFileReference section */

/* Begin PBXFrameworksBuildPhase section */
		F20671BE25DBFE7400AD8388 /* Frameworks */ = {
			isa = PBXFrameworksBuildPhase;
			buildActionMask = 2147483647;
			files = (
				B7328431B5B7BB09F35D0688 /* Pods_ToDoList.framework in Frameworks */,
			);
			runOnlyForDeploymentPostprocessing = 0;
		};
/* End PBXFrameworksBuildPhase section */

/* Begin PBXGroup section */
		1C70F4A9C17D929D16DFF6F8 /* Pods */ = {
			isa = PBXGroup;
			children = (
				0488E01CE9399FB65D062786 /* Pods-ToDoList.debug.xcconfig */,
				B47C27BD21C6BD4DA25CB263 /* Pods-ToDoList.release.xcconfig */,
			);
			path = Pods;
			sourceTree = "<group>";
		};
		BDDB4D71E241E54FE5AFDF8E /* Frameworks */ = {
			isa = PBXGroup;
			children = (
				234ADF3100607A03DCF57547 /* Pods_ToDoList.framework */,
			);
			name = Frameworks;
			sourceTree = "<group>";
		};
		F20671B825DBFE7400AD8388 = {
			isa = PBXGroup;
			children = (
				F20671C325DBFE7400AD8388 /* ToDoList */,
				F20671C225DBFE7400AD8388 /* Products */,
				1C70F4A9C17D929D16DFF6F8 /* Pods */,
				BDDB4D71E241E54FE5AFDF8E /* Frameworks */,
			);
			sourceTree = "<group>";
		};
		F20671C225DBFE7400AD8388 /* Products */ = {
			isa = PBXGroup;
			children = (
				F20671C125DBFE7400AD8388 /* ToDoList.app */,
			);
			name = Products;
			sourceTree = "<group>";
		};
		F20671C325DBFE7400AD8388 /* ToDoList */ = {
			isa = PBXGroup;
			children = (
				F20671C425DBFE7400AD8388 /* AppDelegate.swift */,
				F20671C625DBFE7400AD8388 /* SceneDelegate.swift */,
				F20671E225DC576B00AD8388 /* Model */,
				F20671E525DC577E00AD8388 /* Controller */,
				F20671E425DC577800AD8388 /* Views */,
				F20671E725DC579300AD8388 /* Supporting Files */,
				F20671D225DBFE7600AD8388 /* Info.plist */,
			);
			path = ToDoList;
			sourceTree = "<group>";
		};
		F20671E225DC576B00AD8388 /* Model */ = {
			isa = PBXGroup;
			children = (
				F2DD07D625DD527700CDC695 /* Item.swift */,
				F2DD07D925DD527E00CDC695 /* Category.swift */,
			);
			path = Model;
			sourceTree = "<group>";
		};
		F20671E425DC577800AD8388 /* Views */ = {
			isa = PBXGroup;
			children = (
				F20671CA25DBFE7400AD8388 /* Main.storyboard */,
			);
			path = Views;
			sourceTree = "<group>";
		};
		F20671E525DC577E00AD8388 /* Controller */ = {
			isa = PBXGroup;
			children = (
				F20671DB25DBFE9B00AD8388 /* ToDoListViewController.swift */,
				F20671EF25DD37EF00AD8388 /* CategoryViewController.swift */,
			);
			path = Controller;
			sourceTree = "<group>";
		};
		F20671E725DC579300AD8388 /* Supporting Files */ = {
			isa = PBXGroup;
			children = (
				F20671CD25DBFE7600AD8388 /* Assets.xcassets */,
				F20671CF25DBFE7600AD8388 /* LaunchScreen.storyboard */,
			);
			path = "Supporting Files";
			sourceTree = "<group>";
		};
/* End PBXGroup section */

/* Begin PBXNativeTarget section */
		F20671C025DBFE7400AD8388 /* ToDoList */ = {
			isa = PBXNativeTarget;
			buildConfigurationList = F20671D525DBFE7600AD8388 /* Build configuration list for PBXNativeTarget "ToDoList" */;
			buildPhases = (
				A70F2E6FE815456756F10D09 /* [CP] Check Pods Manifest.lock */,
				F20671BD25DBFE7400AD8388 /* Sources */,
				F20671BE25DBFE7400AD8388 /* Frameworks */,
				F20671BF25DBFE7400AD8388 /* Resources */,
				CC4F8AAD7341B8953E15E897 /* [CP] Embed Pods Frameworks */,
			);
			buildRules = (
			);
			dependencies = (
			);
			name = ToDoList;
			productName = ToDoList;
			productReference = F20671C125DBFE7400AD8388 /* ToDoList.app */;
			productType = "com.apple.product-type.application";
		};
/* End PBXNativeTarget section */

/* Begin PBXProject section */
		F20671B925DBFE7400AD8388 /* Project object */ = {
			isa = PBXProject;
			attributes = {
				LastSwiftUpdateCheck = 1230;
				LastUpgradeCheck = 1230;
				TargetAttributes = {
					F20671C025DBFE7400AD8388 = {
						CreatedOnToolsVersion = 12.3;
					};
				};
			};
			buildConfigurationList = F20671BC25DBFE7400AD8388 /* Build configuration list for PBXProject "ToDoList" */;
			compatibilityVersion = "Xcode 9.3";
			developmentRegion = en;
			hasScannedForEncodings = 0;
			knownRegions = (
				en,
				Base,
			);
			mainGroup = F20671B825DBFE7400AD8388;
			productRefGroup = F20671C225DBFE7400AD8388 /* Products */;
			projectDirPath = "";
			projectRoot = "";
			targets = (
				F20671C025DBFE7400AD8388 /* ToDoList */,
			);
		};
/* End PBXProject section */

/* Begin PBXResourcesBuildPhase section */
		F20671BF25DBFE7400AD8388 /* Resources */ = {
			isa = PBXResourcesBuildPhase;
			buildActionMask = 2147483647;
			files = (
				F20671D125DBFE7600AD8388 /* LaunchScreen.storyboard in Resources */,
				F20671CE25DBFE7600AD8388 /* Assets.xcassets in Resources */,
				F20671CC25DBFE7400AD8388 /* Main.storyboard in Resources */,
			);
			runOnlyForDeploymentPostprocessing = 0;
		};
/* End PBXResourcesBuildPhase section */

/* Begin PBXShellScriptBuildPhase section */
		A70F2E6FE815456756F10D09 /* [CP] Check Pods Manifest.lock */ = {
			isa = PBXShellScriptBuildPhase;
			buildActionMask = 2147483647;
			files = (
			);
			inputFileListPaths = (
			);
			inputPaths = (
				"${PODS_PODFILE_DIR_PATH}/Podfile.lock",
				"${PODS_ROOT}/Manifest.lock",
			);
			name = "[CP] Check Pods Manifest.lock";
			outputFileListPaths = (
			);
			outputPaths = (
				"$(DERIVED_FILE_DIR)/Pods-ToDoList-checkManifestLockResult.txt",
			);
			runOnlyForDeploymentPostprocessing = 0;
			shellPath = /bin/sh;
			shellScript = "diff \"${PODS_PODFILE_DIR_PATH}/Podfile.lock\" \"${PODS_ROOT}/Manifest.lock\" > /dev/null\nif [ $? != 0 ] ; then\n    # print error to STDERR\n    echo \"error: The sandbox is not in sync with the Podfile.lock. Run 'pod install' or update your CocoaPods installation.\" >&2\n    exit 1\nfi\n# This output is used by Xcode 'outputs' to avoid re-running this script phase.\necho \"SUCCESS\" > \"${SCRIPT_OUTPUT_FILE_0}\"\n";
			showEnvVarsInLog = 0;
		};
		CC4F8AAD7341B8953E15E897 /* [CP] Embed Pods Frameworks */ = {
			isa = PBXShellScriptBuildPhase;
			buildActionMask = 2147483647;
			files = (
			);
			inputFileListPaths = (
				"${PODS_ROOT}/Target Support Files/Pods-ToDoList/Pods-ToDoList-frameworks-${CONFIGURATION}-input-files.xcfilelist",
			);
			name = "[CP] Embed Pods Frameworks";
			outputFileListPaths = (
				"${PODS_ROOT}/Target Support Files/Pods-ToDoList/Pods-ToDoList-frameworks-${CONFIGURATION}-output-files.xcfilelist",
			);
			runOnlyForDeploymentPostprocessing = 0;
			shellPath = /bin/sh;
			shellScript = "\"${PODS_ROOT}/Target Support Files/Pods-ToDoList/Pods-ToDoList-frameworks.sh\"\n";
			showEnvVarsInLog = 0;
		};
/* End PBXShellScriptBuildPhase section */

/* Begin PBXSourcesBuildPhase section */
		F20671BD25DBFE7400AD8388 /* Sources */ = {
			isa = PBXSourcesBuildPhase;
			buildActionMask = 2147483647;
			files = (
				F20671F025DD37EF00AD8388 /* CategoryViewController.swift in Sources */,
				F20671C525DBFE7400AD8388 /* AppDelegate.swift in Sources */,
				F20671DC25DBFE9B00AD8388 /* ToDoListViewController.swift in Sources */,
				F2DD07D725DD527700CDC695 /* Item.swift in Sources */,
				F20671C725DBFE7400AD8388 /* SceneDelegate.swift in Sources */,
				F2DD07DA25DD527E00CDC695 /* Category.swift in Sources */,
			);
			runOnlyForDeploymentPostprocessing = 0;
		};
/* End PBXSourcesBuildPhase section */

/* Begin PBXVariantGroup section */
		F20671CA25DBFE7400AD8388 /* Main.storyboard */ = {
			isa = PBXVariantGroup;
			children = (
				F20671CB25DBFE7400AD8388 /* Base */,
			);
			name = Main.storyboard;
			sourceTree = "<group>";
		};
		F20671CF25DBFE7600AD8388 /* LaunchScreen.storyboard */ = {
			isa = PBXVariantGroup;
			children = (
				F20671D025DBFE7600AD8388 /* Base */,
			);
			name = LaunchScreen.storyboard;
			sourceTree = "<group>";
		};
/* End PBXVariantGroup section */

/* Begin XCBuildConfiguration section */
		F20671D325DBFE7600AD8388 /* Debug */ = {
			isa = XCBuildConfiguration;
			buildSettings = {
				ALWAYS_SEARCH_USER_PATHS = NO;
				CLANG_ANALYZER_NONNULL = YES;
				CLANG_ANALYZER_NUMBER_OBJECT_CONVERSION = YES_AGGRESSIVE;
				CLANG_CXX_LANGUAGE_STANDARD = "gnu++14";
				CLANG_CXX_LIBRARY = "libc++";
				CLANG_ENABLE_MODULES = YES;
				CLANG_ENABLE_OBJC_ARC = YES;
				CLANG_ENABLE_OBJC_WEAK = YES;
				CLANG_WARN_BLOCK_CAPTURE_AUTORELEASING = YES;
				CLANG_WARN_BOOL_CONVERSION = YES;
				CLANG_WARN_COMMA = YES;
				CLANG_WARN_CONSTANT_CONVERSION = YES;
				CLANG_WARN_DEPRECATED_OBJC_IMPLEMENTATIONS = YES;
				CLANG_WARN_DIRECT_OBJC_ISA_USAGE = YES_ERROR;
				CLANG_WARN_DOCUMENTATION_COMMENTS = YES;
				CLANG_WARN_EMPTY_BODY = YES;
				CLANG_WARN_ENUM_CONVERSION = YES;
				CLANG_WARN_INFINITE_RECURSION = YES;
				CLANG_WARN_INT_CONVERSION = YES;
				CLANG_WARN_NON_LITERAL_NULL_CONVERSION = YES;
				CLANG_WARN_OBJC_IMPLICIT_RETAIN_SELF = YES;
				CLANG_WARN_OBJC_LITERAL_CONVERSION = YES;
				CLANG_WARN_OBJC_ROOT_CLASS = YES_ERROR;
				CLANG_WARN_QUOTED_INCLUDE_IN_FRAMEWORK_HEADER = YES;
				CLANG_WARN_RANGE_LOOP_ANALYSIS = YES;
				CLANG_WARN_STRICT_PROTOTYPES = YES;
				CLANG_WARN_SUSPICIOUS_MOVE = YES;
				CLANG_WARN_UNGUARDED_AVAILABILITY = YES_AGGRESSIVE;
				CLANG_WARN_UNREACHABLE_CODE = YES;
				CLANG_WARN__DUPLICATE_METHOD_MATCH = YES;
				COPY_PHASE_STRIP = NO;
				DEBUG_INFORMATION_FORMAT = dwarf;
				ENABLE_STRICT_OBJC_MSGSEND = YES;
				ENABLE_TESTABILITY = YES;
				GCC_C_LANGUAGE_STANDARD = gnu11;
				GCC_DYNAMIC_NO_PIC = NO;
				GCC_NO_COMMON_BLOCKS = YES;
				GCC_OPTIMIZATION_LEVEL = 0;
				GCC_PREPROCESSOR_DEFINITIONS = (
					"DEBUG=1",
					"$(inherited)",
				);
				GCC_WARN_64_TO_32_BIT_CONVERSION = YES;
				GCC_WARN_ABOUT_RETURN_TYPE = YES_ERROR;
				GCC_WARN_UNDECLARED_SELECTOR = YES;
				GCC_WARN_UNINITIALIZED_AUTOS = YES_AGGRESSIVE;
				GCC_WARN_UNUSED_FUNCTION = YES;
				GCC_WARN_UNUSED_VARIABLE = YES;
				IPHONEOS_DEPLOYMENT_TARGET = 14.3;
				MTL_ENABLE_DEBUG_INFO = INCLUDE_SOURCE;
				MTL_FAST_MATH = YES;
				ONLY_ACTIVE_ARCH = YES;
				SDKROOT = iphoneos;
				SWIFT_ACTIVE_COMPILATION_CONDITIONS = DEBUG;
				SWIFT_OPTIMIZATION_LEVEL = "-Onone";
			};
			name = Debug;
		};
		F20671D425DBFE7600AD8388 /* Release */ = {
			isa = XCBuildConfiguration;
			buildSettings = {
				ALWAYS_SEARCH_USER_PATHS = NO;
				CLANG_ANALYZER_NONNULL = YES;
				CLANG_ANALYZER_NUMBER_OBJECT_CONVERSION = YES_AGGRESSIVE;
				CLANG_CXX_LANGUAGE_STANDARD = "gnu++14";
				CLANG_CXX_LIBRARY = "libc++";
				CLANG_ENABLE_MODULES = YES;
				CLANG_ENABLE_OBJC_ARC = YES;
				CLANG_ENABLE_OBJC_WEAK = YES;
				CLANG_WARN_BLOCK_CAPTURE_AUTORELEASING = YES;
				CLANG_WARN_BOOL_CONVERSION = YES;
				CLANG_WARN_COMMA = YES;
				CLANG_WARN_CONSTANT_CONVERSION = YES;
				CLANG_WARN_DEPRECATED_OBJC_IMPLEMENTATIONS = YES;
				CLANG_WARN_DIRECT_OBJC_ISA_USAGE = YES_ERROR;
				CLANG_WARN_DOCUMENTATION_COMMENTS = YES;
				CLANG_WARN_EMPTY_BODY = YES;
				CLANG_WARN_ENUM_CONVERSION = YES;
				CLANG_WARN_INFINITE_RECURSION = YES;
				CLANG_WARN_INT_CONVERSION = YES;
				CLANG_WARN_NON_LITERAL_NULL_CONVERSION = YES;
				CLANG_WARN_OBJC_IMPLICIT_RETAIN_SELF = YES;
				CLANG_WARN_OBJC_LITERAL_CONVERSION = YES;
				CLANG_WARN_OBJC_ROOT_CLASS = YES_ERROR;
				CLANG_WARN_QUOTED_INCLUDE_IN_FRAMEWORK_HEADER = YES;
				CLANG_WARN_RANGE_LOOP_ANALYSIS = YES;
				CLANG_WARN_STRICT_PROTOTYPES = YES;
				CLANG_WARN_SUSPICIOUS_MOVE = YES;
				CLANG_WARN_UNGUARDED_AVAILABILITY = YES_AGGRESSIVE;
				CLANG_WARN_UNREACHABLE_CODE = YES;
				CLANG_WARN__DUPLICATE_METHOD_MATCH = YES;
				COPY_PHASE_STRIP = NO;
				DEBUG_INFORMATION_FORMAT = "dwarf-with-dsym";
				ENABLE_NS_ASSERTIONS = NO;
				ENABLE_STRICT_OBJC_MSGSEND = YES;
				GCC_C_LANGUAGE_STANDARD = gnu11;
				GCC_NO_COMMON_BLOCKS = YES;
				GCC_WARN_64_TO_32_BIT_CONVERSION = YES;
				GCC_WARN_ABOUT_RETURN_TYPE = YES_ERROR;
				GCC_WARN_UNDECLARED_SELECTOR = YES;
				GCC_WARN_UNINITIALIZED_AUTOS = YES_AGGRESSIVE;
				GCC_WARN_UNUSED_FUNCTION = YES;
				GCC_WARN_UNUSED_VARIABLE = YES;
				IPHONEOS_DEPLOYMENT_TARGET = 14.3;
				MTL_ENABLE_DEBUG_INFO = NO;
				MTL_FAST_MATH = YES;
				SDKROOT = iphoneos;
				SWIFT_COMPILATION_MODE = wholemodule;
				SWIFT_OPTIMIZATION_LEVEL = "-O";
				VALIDATE_PRODUCT = YES;
			};
			name = Release;
		};
		F20671D625DBFE7600AD8388 /* Debug */ = {
			isa = XCBuildConfiguration;
			baseConfigurationReference = 0488E01CE9399FB65D062786 /* Pods-ToDoList.debug.xcconfig */;
			buildSettings = {
				ASSETCATALOG_COMPILER_APPICON_NAME = AppIcon;
				ASSETCATALOG_COMPILER_GLOBAL_ACCENT_COLOR_NAME = AccentColor;
				CODE_SIGN_STYLE = Automatic;
				DEVELOPMENT_TEAM = 3GDA8B4PPS;
				INFOPLIST_FILE = ToDoList/Info.plist;
				IPHONEOS_DEPLOYMENT_TARGET = 13.0;
				LD_RUNPATH_SEARCH_PATHS = (
					"$(inherited)",
					"@executable_path/Frameworks",
				);
				PRODUCT_BUNDLE_IDENTIFIER = marinamatakova.ToDoList;
				PRODUCT_NAME = "$(TARGET_NAME)";
				SWIFT_VERSION = 5.0;
				TARGETED_DEVICE_FAMILY = "1,2";
			};
			name = Debug;
		};
		F20671D725DBFE7600AD8388 /* Release */ = {
			isa = XCBuildConfiguration;
			baseConfigurationReference = B47C27BD21C6BD4DA25CB263 /* Pods-ToDoList.release.xcconfig */;
			buildSettings = {
				ASSETCATALOG_COMPILER_APPICON_NAME = AppIcon;
				ASSETCATALOG_COMPILER_GLOBAL_ACCENT_COLOR_NAME = AccentColor;
				CODE_SIGN_STYLE = Automatic;
				DEVELOPMENT_TEAM = 3GDA8B4PPS;
				INFOPLIST_FILE = ToDoList/Info.plist;
				IPHONEOS_DEPLOYMENT_TARGET = 13.0;
				LD_RUNPATH_SEARCH_PATHS = (
					"$(inherited)",
					"@executable_path/Frameworks",
				);
				PRODUCT_BUNDLE_IDENTIFIER = marinamatakova.ToDoList;
				PRODUCT_NAME = "$(TARGET_NAME)";
				SWIFT_VERSION = 5.0;
				TARGETED_DEVICE_FAMILY = "1,2";
			};
			name = Release;
		};
/* End XCBuildConfiguration section */

/* Begin XCConfigurationList section */
		F20671BC25DBFE7400AD8388 /* Build configuration list for PBXProject "ToDoList" */ = {
			isa = XCConfigurationList;
			buildConfigurations = (
				F20671D325DBFE7600AD8388 /* Debug */,
				F20671D425DBFE7600AD8388 /* Release */,
			);
			defaultConfigurationIsVisible = 0;
			defaultConfigurationName = Release;
		};
		F20671D525DBFE7600AD8388 /* Build configuration list for PBXNativeTarget "ToDoList" */ = {
			isa = XCConfigurationList;
			buildConfigurations = (
				F20671D625DBFE7600AD8388 /* Debug */,
				F20671D725DBFE7600AD8388 /* Release */,
			);
			defaultConfigurationIsVisible = 0;
			defaultConfigurationName = Release;
		};
/* End XCConfigurationList section */
	};
	rootObject = F20671B925DBFE7400AD8388 /* Project object */;
}
